PODS:
  - CocoaAsyncSocket (7.4.2)
  - CocoaHTTPServer (2.3):
    - CocoaAsyncSocket
    - CocoaLumberjack
  - CocoaLumberjack (2.2.0):
    - CocoaLumberjack/Default (= 2.2.0)
    - CocoaLumberjack/Extensions (= 2.2.0)
  - CocoaLumberjack/Core (2.2.0)
  - CocoaLumberjack/Default (2.2.0):
    - CocoaLumberjack/Core
  - CocoaLumberjack/Extensions (2.2.0):
    - CocoaLumberjack/Default
  - PocketSocket (0.6.4)
  - RoutingHTTPServer (1.0.0):
    - CocoaHTTPServer (~> 2.3)

DEPENDENCIES:
  - PocketSocket (~> 0.6.4)
  - RoutingHTTPServer (~> 1.0)

SPEC CHECKSUMS:
  CocoaAsyncSocket: f5783bdedd232d91b89769bc4b5a1580aed518ad
  CocoaHTTPServer: 5624681fc3473d43b18202f635f9b3abb013b530
  CocoaLumberjack: 17fe8581f84914d5d7e6360f7c70022b173c3ae0
  PocketSocket: eee7ef375f55b98e7ca79e097d9c61fd688e9494
  RoutingHTTPServer: fab8b13e725f26720500c146d43c98c11ebc4d47

COCOAPODS: 0.39.0
